
Microsoft Visual Studio Solution File, Format Version 12.00
# Visual Studio Version 16
VisualStudioVersion = 16.0.30717.126
MinimumVisualStudioVersion = 10.0.40219.1
Project("{FAE04EC0-301F-11D3-BF4B-00C04F79EFBC}") = "WordPressSpecflow", "WordPressSpecflow\WordPressSpecflow.csproj", "{33C2DA96-96CA-411E-85FB-B55E55DAEF17}"
EndProject
Project("{2150E333-8FDC-42A3-9474-1A3956D46DE8}") = "NewFolder1", "NewFolder1", "{6820A2DC-43E4-4E18-A51F-A820BA6DF066}"
EndProject
Global
	GlobalSection(SolutionConfigurationPlatforms) = preSolution
		Debug|Any CPU = Debug|Any CPU
		Release|Any CPU = Release|Any CPU
	EndGlobalSection
	GlobalSection(ProjectConfigurationPlatforms) = postSolution
		{33C2DA96-96CA-411E-85FB-B55E55DAEF17}.Debug|Any CPU.ActiveCfg = Debug|Any CPU
		{33C2DA96-96CA-411E-85FB-B55E55DAEF17}.Debug|Any CPU.Build.0 = Debug|Any CPU
		{33C2DA96-96CA-411E-85FB-B55E55DAEF17}.Release|Any CPU.ActiveCfg = Release|Any CPU
		{33C2DA96-96CA-411E-85FB-B55E55DAEF17}.Release|Any CPU.Build.0 = Release|Any CPU
	EndGlobalSection
	GlobalSection(SolutionProperties) = preSolution
		HideSolutionNode = FALSE
	EndGlobalSection
	GlobalSection(ExtensibilityGlobals) = postSolution
		SolutionGuid = {05899B47-470F-415B-8738-9C5058B8173F}
	EndGlobalSection
EndGlobal
